
Microsoft Visual Studio Solution File, Format Version 12.00
# Visual Studio Version 17
VisualStudioVersion = 17.10.35013.160
MinimumVisualStudioVersion = 10.0.40219.1
Project("{9A19103F-16F7-4668-BE54-9A1E7A4F7556}") = "AppointmentSystem.Api", "AppointmentSystem.Api\AppointmentSystem.Api.csproj", "{493BB385-B400-4259-9606-4F8101B5D5DE}"
EndProject
Project("{9A19103F-16F7-4668-BE54-9A1E7A4F7556}") = "AppointmentSystem.Business", "AppointmentSystem.Business\AppointmentSystem.Business.csproj", "{D204802D-69FA-4B55-BBE1-BC940F793D3E}"
EndProject
Project("{9A19103F-16F7-4668-BE54-9A1E7A4F7556}") = "AppointmentSystem.Data", "AppointmentSystem.Data\AppointmentSystem.Data.csproj", "{552C499A-C3F2-4A7D-887B-58C2A2EC83AF}"
EndProject
Project("{9A19103F-16F7-4668-BE54-9A1E7A4F7556}") = "AppointmentSystem.Models", "AppointmentSystem.Models\AppointmentSystem.Models.csproj", "{9BCD2697-C842-48A4-B53A-059C2AE3C6E4}"
EndProject
Project("{E53339B2-1760-4266-BCC7-CA923CBCF16C}") = "docker-compose", "docker-compose.dcproj", "{3AD72CC0-AFE4-4074-AF36-F71B6B8BFF42}"
EndProject
Project("{9A19103F-16F7-4668-BE54-9A1E7A4F7556}") = "AppointmentSystem.Tests", "AppointmentSystem.Tests\AppointmentSystem.Tests.csproj", "{FFBDB62A-7214-4A85-A6DB-4203D8CDC25F}"
EndProject
Global
	GlobalSection(SolutionConfigurationPlatforms) = preSolution
		Debug|Any CPU = Debug|Any CPU
		Release|Any CPU = Release|Any CPU
	EndGlobalSection
	GlobalSection(ProjectConfigurationPlatforms) = postSolution
		{493BB385-B400-4259-9606-4F8101B5D5DE}.Debug|Any CPU.ActiveCfg = Debug|Any CPU
		{493BB385-B400-4259-9606-4F8101B5D5DE}.Debug|Any CPU.Build.0 = Debug|Any CPU
		{493BB385-B400-4259-9606-4F8101B5D5DE}.Release|Any CPU.ActiveCfg = Release|Any CPU
		{493BB385-B400-4259-9606-4F8101B5D5DE}.Release|Any CPU.Build.0 = Release|Any CPU
		{D204802D-69FA-4B55-BBE1-BC940F793D3E}.Debug|Any CPU.ActiveCfg = Debug|Any CPU
		{D204802D-69FA-4B55-BBE1-BC940F793D3E}.Debug|Any CPU.Build.0 = Debug|Any CPU
		{D204802D-69FA-4B55-BBE1-BC940F793D3E}.Release|Any CPU.ActiveCfg = Release|Any CPU
		{D204802D-69FA-4B55-BBE1-BC940F793D3E}.Release|Any CPU.Build.0 = Release|Any CPU
		{552C499A-C3F2-4A7D-887B-58C2A2EC83AF}.Debug|Any CPU.ActiveCfg = Debug|Any CPU
		{552C499A-C3F2-4A7D-887B-58C2A2EC83AF}.Debug|Any CPU.Build.0 = Debug|Any CPU
		{552C499A-C3F2-4A7D-887B-58C2A2EC83AF}.Release|Any CPU.ActiveCfg = Release|Any CPU
		{552C499A-C3F2-4A7D-887B-58C2A2EC83AF}.Release|Any CPU.Build.0 = Release|Any CPU
		{9BCD2697-C842-48A4-B53A-059C2AE3C6E4}.Debug|Any CPU.ActiveCfg = Debug|Any CPU
		{9BCD2697-C842-48A4-B53A-059C2AE3C6E4}.Debug|Any CPU.Build.0 = Debug|Any CPU
		{9BCD2697-C842-48A4-B53A-059C2AE3C6E4}.Release|Any CPU.ActiveCfg = Release|Any CPU
		{9BCD2697-C842-48A4-B53A-059C2AE3C6E4}.Release|Any CPU.Build.0 = Release|Any CPU
		{3AD72CC0-AFE4-4074-AF36-F71B6B8BFF42}.Debug|Any CPU.ActiveCfg = Debug|Any CPU
		{3AD72CC0-AFE4-4074-AF36-F71B6B8BFF42}.Debug|Any CPU.Build.0 = Debug|Any CPU
		{3AD72CC0-AFE4-4074-AF36-F71B6B8BFF42}.Release|Any CPU.ActiveCfg = Release|Any CPU
		{3AD72CC0-AFE4-4074-AF36-F71B6B8BFF42}.Release|Any CPU.Build.0 = Release|Any CPU
		{FFBDB62A-7214-4A85-A6DB-4203D8CDC25F}.Debug|Any CPU.ActiveCfg = Debug|Any CPU
		{FFBDB62A-7214-4A85-A6DB-4203D8CDC25F}.Debug|Any CPU.Build.0 = Debug|Any CPU
		{FFBDB62A-7214-4A85-A6DB-4203D8CDC25F}.Release|Any CPU.ActiveCfg = Release|Any CPU
		{FFBDB62A-7214-4A85-A6DB-4203D8CDC25F}.Release|Any CPU.Build.0 = Release|Any CPU
	EndGlobalSection
	GlobalSection(SolutionProperties) = preSolution
		HideSolutionNode = FALSE
	EndGlobalSection
	GlobalSection(ExtensibilityGlobals) = postSolution
		SolutionGuid = {876E142A-BB94-40C0-9AF0-7A2CF80554D0}
	EndGlobalSection
EndGlobal
